
Microsoft Visual Studio Solution File, Format Version 12.00
# Visual Studio Version 16
VisualStudioVersion = 16.0.32510.428
MinimumVisualStudioVersion = 10.0.40219.1
Project("{F184B08F-C81C-45F6-A57F-5ABD9991F28F}") = "ConsoleCalendar", "ConsoleCalendar.vbproj", "{B330C01B-4B2A-465A-9540-CC73E6874DE6}"
EndProject
Global
	GlobalSection(SolutionConfigurationPlatforms) = preSolution
		Debug|Any CPU = Debug|Any CPU
		Release|Any CPU = Release|Any CPU
	EndGlobalSection
	GlobalSection(ProjectConfigurationPlatforms) = postSolution
		{B330C01B-4B2A-465A-9540-CC73E6874DE6}.Debug|Any CPU.ActiveCfg = Debug|Any CPU
		{B330C01B-4B2A-465A-9540-CC73E6874DE6}.Debug|Any CPU.Build.0 = Debug|Any CPU
		{B330C01B-4B2A-465A-9540-CC73E6874DE6}.Release|Any CPU.ActiveCfg = Release|Any CPU
		{B330C01B-4B2A-465A-9540-CC73E6874DE6}.Release|Any CPU.Build.0 = Release|Any CPU
	EndGlobalSection
	GlobalSection(SolutionProperties) = preSolution
		HideSolutionNode = FALSE
	EndGlobalSection
	GlobalSection(ExtensibilityGlobals) = postSolution
		SolutionGuid = {F18DB35A-1077-494C-9BD2-5E37354DA6C7}
	EndGlobalSection
EndGlobal
